
Microsoft Visual Studio Solution File, Format Version 12.00
# Visual Studio Version 17
VisualStudioVersion = 17.9.34714.143
MinimumVisualStudioVersion = 10.0.40219.1
Project("{9A19103F-16F7-4668-BE54-9A1E7A4F7556}") = "ESystem", "ESystem\ESystem.csproj", "{86617BE9-BD2B-4E15-B82F-4630040B8081}"
EndProject
Project("{9A19103F-16F7-4668-BE54-9A1E7A4F7556}") = "ESystem.WPF", "ESystem.WPF\ESystem.WPF.csproj", "{79BFCCD4-2581-4CA1-985E-AA0A905C77E3}"
EndProject
Project("{9A19103F-16F7-4668-BE54-9A1E7A4F7556}") = "EXmlLib", "EXmlLib\EXmlLib.csproj", "{7FFB6FD3-715D-40BF-A24E-9A6FC7D3EDFD}"
EndProject
Project("{2150E333-8FDC-42A3-9474-1A3956D46DE8}") = "TestProjects", "TestProjects", "{02EA681E-C7D8-13C7-8484-4AC65E1B71E8}"
EndProject
Project("{FAE04EC0-301F-11D3-BF4B-00C04F79EFBC}") = "WpfKeyHookTesting", "TestsProjects\WpfKeyHookTesting\WpfKeyHookTesting.csproj", "{B57AC81D-F4E4-573F-9C54-0A43502BD720}"
EndProject
Project("{2150E333-8FDC-42A3-9474-1A3956D46DE8}") = "Solution Items", "Solution Items", "{8EC462FD-D22E-90A8-E5CE-7E832BA40C5D}"
	ProjectSection(SolutionItems) = preProject
		.gitignore = .gitignore
		PlantTextClassDiagram.txt = PlantTextClassDiagram.txt
	EndProjectSection
EndProject
Project("{FAE04EC0-301F-11D3-BF4B-00C04F79EFBC}") = "KeyHookNUnit", "TestsProjects\KeyHookNUnit\KeyHookNUnit.csproj", "{18E31DFC-C50B-4134-8C32-CE20EED49217}"
EndProject
Project("{FAE04EC0-301F-11D3-BF4B-00C04F79EFBC}") = "EXmlLib2", "EXmlLib2\EXmlLib2.csproj", "{D5F0CB76-0F19-7F6D-A804-A3D9267ED082}"
EndProject
Project("{FAE04EC0-301F-11D3-BF4B-00C04F79EFBC}") = "EXmlLib2Test", "EXmlLib2Test\EXmlLib2Test.csproj", "{7EC19CA2-4BA0-DCC5-8C0E-5D01B9631B72}"
EndProject
Global
	GlobalSection(SolutionConfigurationPlatforms) = preSolution
		Debug|Any CPU = Debug|Any CPU
		Release|Any CPU = Release|Any CPU
	EndGlobalSection
	GlobalSection(ProjectConfigurationPlatforms) = postSolution
		{86617BE9-BD2B-4E15-B82F-4630040B8081}.Debug|Any CPU.ActiveCfg = Debug|Any CPU
		{86617BE9-BD2B-4E15-B82F-4630040B8081}.Debug|Any CPU.Build.0 = Debug|Any CPU
		{86617BE9-BD2B-4E15-B82F-4630040B8081}.Release|Any CPU.ActiveCfg = Release|Any CPU
		{86617BE9-BD2B-4E15-B82F-4630040B8081}.Release|Any CPU.Build.0 = Release|Any CPU
		{79BFCCD4-2581-4CA1-985E-AA0A905C77E3}.Debug|Any CPU.ActiveCfg = Debug|Any CPU
		{79BFCCD4-2581-4CA1-985E-AA0A905C77E3}.Debug|Any CPU.Build.0 = Debug|Any CPU
		{79BFCCD4-2581-4CA1-985E-AA0A905C77E3}.Release|Any CPU.ActiveCfg = Release|Any CPU
		{79BFCCD4-2581-4CA1-985E-AA0A905C77E3}.Release|Any CPU.Build.0 = Release|Any CPU
		{7FFB6FD3-715D-40BF-A24E-9A6FC7D3EDFD}.Debug|Any CPU.ActiveCfg = Debug|Any CPU
		{7FFB6FD3-715D-40BF-A24E-9A6FC7D3EDFD}.Debug|Any CPU.Build.0 = Debug|Any CPU
		{7FFB6FD3-715D-40BF-A24E-9A6FC7D3EDFD}.Release|Any CPU.ActiveCfg = Release|Any CPU
		{7FFB6FD3-715D-40BF-A24E-9A6FC7D3EDFD}.Release|Any CPU.Build.0 = Release|Any CPU
		{B57AC81D-F4E4-573F-9C54-0A43502BD720}.Debug|Any CPU.ActiveCfg = Debug|Any CPU
		{B57AC81D-F4E4-573F-9C54-0A43502BD720}.Debug|Any CPU.Build.0 = Debug|Any CPU
		{B57AC81D-F4E4-573F-9C54-0A43502BD720}.Release|Any CPU.ActiveCfg = Release|Any CPU
		{B57AC81D-F4E4-573F-9C54-0A43502BD720}.Release|Any CPU.Build.0 = Release|Any CPU
		{18E31DFC-C50B-4134-8C32-CE20EED49217}.Debug|Any CPU.ActiveCfg = Debug|Any CPU
		{18E31DFC-C50B-4134-8C32-CE20EED49217}.Debug|Any CPU.Build.0 = Debug|Any CPU
		{18E31DFC-C50B-4134-8C32-CE20EED49217}.Release|Any CPU.ActiveCfg = Release|Any CPU
		{18E31DFC-C50B-4134-8C32-CE20EED49217}.Release|Any CPU.Build.0 = Release|Any CPU
		{D5F0CB76-0F19-7F6D-A804-A3D9267ED082}.Debug|Any CPU.ActiveCfg = Debug|Any CPU
		{D5F0CB76-0F19-7F6D-A804-A3D9267ED082}.Debug|Any CPU.Build.0 = Debug|Any CPU
		{D5F0CB76-0F19-7F6D-A804-A3D9267ED082}.Release|Any CPU.ActiveCfg = Release|Any CPU
		{D5F0CB76-0F19-7F6D-A804-A3D9267ED082}.Release|Any CPU.Build.0 = Release|Any CPU
		{7EC19CA2-4BA0-DCC5-8C0E-5D01B9631B72}.Debug|Any CPU.ActiveCfg = Debug|Any CPU
		{7EC19CA2-4BA0-DCC5-8C0E-5D01B9631B72}.Debug|Any CPU.Build.0 = Debug|Any CPU
		{7EC19CA2-4BA0-DCC5-8C0E-5D01B9631B72}.Release|Any CPU.ActiveCfg = Release|Any CPU
		{7EC19CA2-4BA0-DCC5-8C0E-5D01B9631B72}.Release|Any CPU.Build.0 = Release|Any CPU
	EndGlobalSection
	GlobalSection(SolutionProperties) = preSolution
		HideSolutionNode = FALSE
	EndGlobalSection
	GlobalSection(NestedProjects) = preSolution
		{B57AC81D-F4E4-573F-9C54-0A43502BD720} = {02EA681E-C7D8-13C7-8484-4AC65E1B71E8}
		{18E31DFC-C50B-4134-8C32-CE20EED49217} = {02EA681E-C7D8-13C7-8484-4AC65E1B71E8}
	EndGlobalSection
	GlobalSection(ExtensibilityGlobals) = postSolution
		SolutionGuid = {D497D30A-EBD8-45B8-B417-30EEB45C1950}
	EndGlobalSection
EndGlobal
