
Microsoft Visual Studio Solution File, Format Version 12.00
# Visual Studio Version 17
VisualStudioVersion = 17.9.34714.143
MinimumVisualStudioVersion = 10.0.40219.1
Project("{9A19103F-16F7-4668-BE54-9A1E7A4F7556}") = "ESystem", "ESystem\ESystem.csproj", "{86617BE9-BD2B-4E15-B82F-4630040B8081}"
EndProject
Project("{FAE04EC0-301F-11D3-BF4B-00C04F79EFBC}") = "ESystem.WPF", "ESystem.WPF\ESystem.WPF.csproj", "{79BFCCD4-2581-4CA1-985E-AA0A905C77E3}"
EndProject
Project("{9A19103F-16F7-4668-BE54-9A1E7A4F7556}") = "ELogging", "ELoging\ELogging.csproj", "{417EBEEB-127E-410E-BD4A-D3D0319F1FF9}"
EndProject
Project("{9A19103F-16F7-4668-BE54-9A1E7A4F7556}") = "ESimConnect", "ESimConnect\ESimConnect.csproj", "{715908DD-97C2-48AD-8D02-8D9204824FAE}"
EndProject
Global
	GlobalSection(SolutionConfigurationPlatforms) = preSolution
		Debug|Any CPU = Debug|Any CPU
		Release|Any CPU = Release|Any CPU
	EndGlobalSection
	GlobalSection(ProjectConfigurationPlatforms) = postSolution
		{86617BE9-BD2B-4E15-B82F-4630040B8081}.Debug|Any CPU.ActiveCfg = Debug|Any CPU
		{86617BE9-BD2B-4E15-B82F-4630040B8081}.Debug|Any CPU.Build.0 = Debug|Any CPU
		{86617BE9-BD2B-4E15-B82F-4630040B8081}.Release|Any CPU.ActiveCfg = Release|Any CPU
		{86617BE9-BD2B-4E15-B82F-4630040B8081}.Release|Any CPU.Build.0 = Release|Any CPU
		{79BFCCD4-2581-4CA1-985E-AA0A905C77E3}.Debug|Any CPU.ActiveCfg = Debug|Any CPU
		{79BFCCD4-2581-4CA1-985E-AA0A905C77E3}.Debug|Any CPU.Build.0 = Debug|Any CPU
		{79BFCCD4-2581-4CA1-985E-AA0A905C77E3}.Release|Any CPU.ActiveCfg = Release|Any CPU
		{79BFCCD4-2581-4CA1-985E-AA0A905C77E3}.Release|Any CPU.Build.0 = Release|Any CPU
		{417EBEEB-127E-410E-BD4A-D3D0319F1FF9}.Debug|Any CPU.ActiveCfg = Debug|Any CPU
		{417EBEEB-127E-410E-BD4A-D3D0319F1FF9}.Debug|Any CPU.Build.0 = Debug|Any CPU
		{417EBEEB-127E-410E-BD4A-D3D0319F1FF9}.Release|Any CPU.ActiveCfg = Release|Any CPU
		{417EBEEB-127E-410E-BD4A-D3D0319F1FF9}.Release|Any CPU.Build.0 = Release|Any CPU
		{715908DD-97C2-48AD-8D02-8D9204824FAE}.Debug|Any CPU.ActiveCfg = Debug|Any CPU
		{715908DD-97C2-48AD-8D02-8D9204824FAE}.Debug|Any CPU.Build.0 = Debug|Any CPU
		{715908DD-97C2-48AD-8D02-8D9204824FAE}.Release|Any CPU.ActiveCfg = Release|Any CPU
		{715908DD-97C2-48AD-8D02-8D9204824FAE}.Release|Any CPU.Build.0 = Release|Any CPU
	EndGlobalSection
	GlobalSection(SolutionProperties) = preSolution
		HideSolutionNode = FALSE
	EndGlobalSection
	GlobalSection(ExtensibilityGlobals) = postSolution
		SolutionGuid = {D497D30A-EBD8-45B8-B417-30EEB45C1950}
	EndGlobalSection
EndGlobal
