
Microsoft Visual Studio Solution File, Format Version 11.00
# Visual Studio 2010
Project("{2150E333-8FDC-42A3-9474-1A3956D46DE8}") = "Silverlight 3", "Silverlight 3", "{5F52E435-E62B-49AD-9311-A028FBB7392A}"
EndProject
Project("{2150E333-8FDC-42A3-9474-1A3956D46DE8}") = "FW 4.0", "FW 4.0", "{9A40705E-61C9-4B7A-9A51-8EB318AD1CF3}"
EndProject
Project("{2150E333-8FDC-42A3-9474-1A3956D46DE8}") = "FW 3.5", "FW 3.5", "{5D91E6CB-1CE2-4138-92B5-E42B48D1F9F6}"
EndProject
Project("{FAE04EC0-301F-11D3-BF4B-00C04F79EFBC}") = "ESystem.Forms", "FW 3.5\ESystem.Forms\ESystem.Forms.csproj", "{B7D74DC8-64EF-4925-9C34-B66CA62441A5}"
EndProject
Project("{2150E333-8FDC-42A3-9474-1A3956D46DE8}") = "Silverlight 4", "Silverlight 4", "{9F03702C-FA04-49F3-92D5-1A5D1ABC5F5B}"
EndProject
Project("{FAE04EC0-301F-11D3-BF4B-00C04F79EFBC}") = "ESystemTest", "ESystemTest\ESystemTest.csproj", "{0610C6EB-760D-495D-9BF0-B13640F5CF84}"
EndProject
Project("{FAE04EC0-301F-11D3-BF4B-00C04F79EFBC}") = "Demo", "Demo\Demo.csproj", "{404D7015-03E8-40CF-B76F-017BDA63816A}"
EndProject
Project("{FAE04EC0-301F-11D3-BF4B-00C04F79EFBC}") = "ESystem", "FW 3.5\ESystem\ESystem.csproj", "{EC5A5900-6256-48E6-B402-E923F697DF71}"
EndProject
Project("{FAE04EC0-301F-11D3-BF4B-00C04F79EFBC}") = "ESystem.OtherTypes", "FW 3.5\ESystem.OtherTypes\ESystem.OtherTypes.csproj", "{6747709A-8001-4EC3-8460-CCEF564C9EF0}"
EndProject
Project("{FAE04EC0-301F-11D3-BF4B-00C04F79EFBC}") = "ESystem", "FW 4.0\ESystem\ESystem.csproj", "{5304D7CC-F2CA-4F8C-8841-2E8227EB0747}"
EndProject
Project("{FAE04EC0-301F-11D3-BF4B-00C04F79EFBC}") = "ESystem.Forms", "FW 4.0\ESystem.Forms\ESystem.Forms.csproj", "{D9E4F20B-8074-43B7-A748-6B8FA4A5D320}"
EndProject
Project("{FAE04EC0-301F-11D3-BF4B-00C04F79EFBC}") = "ESystem", "SVL 3\ESystem\ESystem.csproj", "{C1AB7C1D-E3B1-4CE7-8592-26764BCD8F11}"
EndProject
Project("{FAE04EC0-301F-11D3-BF4B-00C04F79EFBC}") = "ESystem", "SVL 4\ESystem\ESystem.csproj", "{56EFB9CE-2B44-4CC8-8F50-6B3FC3FB541E}"
EndProject
Project("{FAE04EC0-301F-11D3-BF4B-00C04F79EFBC}") = "ESystem.Math.Matrices", "FW 3.5\ESystem.Math.Matrices\ESystem.Math.Matrices.csproj", "{17B9FD34-DEC3-419E-B5E1-206A26F14271}"
EndProject
Project("{FAE04EC0-301F-11D3-BF4B-00C04F79EFBC}") = "ESystem.Math.Matrices", "FW 4.0\ESystem.Math.Matrices\ESystem.Math.Matrices.csproj", "{4DD806F6-E73D-43F6-97E3-78929F5F701E}"
EndProject
Project("{2150E333-8FDC-42A3-9474-1A3956D46DE8}") = "FW 4.0 CP", "FW 4.0 CP", "{3501A501-AC9D-4095-83C8-0EDE59670ECB}"
EndProject
Project("{FAE04EC0-301F-11D3-BF4B-00C04F79EFBC}") = "ESystem.Math.Matrices_Test", "ESystem.Math.Matrices_Test\ESystem.Math.Matrices_Test.csproj", "{B92E2F9E-1438-4C0B-B2D9-F54DA0BA70F0}"
EndProject
Project("{2150E333-8FDC-42A3-9474-1A3956D46DE8}") = "Solution Items", "Solution Items", "{66F4F106-1078-44DB-9301-134893583892}"
	ProjectSection(SolutionItems) = preProject
		ESystemSolution.vsmdi = ESystemSolution.vsmdi
		Local.testsettings = Local.testsettings
		TraceAndTestImpact.testsettings = TraceAndTestImpact.testsettings
	EndProjectSection
EndProject
Project("{2150E333-8FDC-42A3-9474-1A3956D46DE8}") = "zOther", "zOther", "{431F2ADF-176C-4717-A807-9656645F27B5}"
EndProject
Global
	GlobalSection(TestCaseManagementSettings) = postSolution
		CategoryFile = ESystemSolution.vsmdi
	EndGlobalSection
	GlobalSection(SolutionConfigurationPlatforms) = preSolution
		Debug|Any CPU = Debug|Any CPU
		Release|Any CPU = Release|Any CPU
	EndGlobalSection
	GlobalSection(ProjectConfigurationPlatforms) = postSolution
		{B7D74DC8-64EF-4925-9C34-B66CA62441A5}.Debug|Any CPU.ActiveCfg = Debug|Any CPU
		{B7D74DC8-64EF-4925-9C34-B66CA62441A5}.Debug|Any CPU.Build.0 = Debug|Any CPU
		{B7D74DC8-64EF-4925-9C34-B66CA62441A5}.Release|Any CPU.ActiveCfg = Release|Any CPU
		{B7D74DC8-64EF-4925-9C34-B66CA62441A5}.Release|Any CPU.Build.0 = Release|Any CPU
		{0610C6EB-760D-495D-9BF0-B13640F5CF84}.Debug|Any CPU.ActiveCfg = Debug|Any CPU
		{0610C6EB-760D-495D-9BF0-B13640F5CF84}.Debug|Any CPU.Build.0 = Debug|Any CPU
		{0610C6EB-760D-495D-9BF0-B13640F5CF84}.Release|Any CPU.ActiveCfg = Release|Any CPU
		{0610C6EB-760D-495D-9BF0-B13640F5CF84}.Release|Any CPU.Build.0 = Release|Any CPU
		{404D7015-03E8-40CF-B76F-017BDA63816A}.Debug|Any CPU.ActiveCfg = Debug|Any CPU
		{404D7015-03E8-40CF-B76F-017BDA63816A}.Debug|Any CPU.Build.0 = Debug|Any CPU
		{404D7015-03E8-40CF-B76F-017BDA63816A}.Release|Any CPU.ActiveCfg = Release|Any CPU
		{404D7015-03E8-40CF-B76F-017BDA63816A}.Release|Any CPU.Build.0 = Release|Any CPU
		{EC5A5900-6256-48E6-B402-E923F697DF71}.Debug|Any CPU.ActiveCfg = Debug|Any CPU
		{EC5A5900-6256-48E6-B402-E923F697DF71}.Debug|Any CPU.Build.0 = Debug|Any CPU
		{EC5A5900-6256-48E6-B402-E923F697DF71}.Release|Any CPU.ActiveCfg = Release|Any CPU
		{EC5A5900-6256-48E6-B402-E923F697DF71}.Release|Any CPU.Build.0 = Release|Any CPU
		{6747709A-8001-4EC3-8460-CCEF564C9EF0}.Debug|Any CPU.ActiveCfg = Debug|Any CPU
		{6747709A-8001-4EC3-8460-CCEF564C9EF0}.Debug|Any CPU.Build.0 = Debug|Any CPU
		{6747709A-8001-4EC3-8460-CCEF564C9EF0}.Release|Any CPU.ActiveCfg = Release|Any CPU
		{6747709A-8001-4EC3-8460-CCEF564C9EF0}.Release|Any CPU.Build.0 = Release|Any CPU
		{5304D7CC-F2CA-4F8C-8841-2E8227EB0747}.Debug|Any CPU.ActiveCfg = Debug|Any CPU
		{5304D7CC-F2CA-4F8C-8841-2E8227EB0747}.Debug|Any CPU.Build.0 = Debug|Any CPU
		{5304D7CC-F2CA-4F8C-8841-2E8227EB0747}.Release|Any CPU.ActiveCfg = Release|Any CPU
		{5304D7CC-F2CA-4F8C-8841-2E8227EB0747}.Release|Any CPU.Build.0 = Release|Any CPU
		{D9E4F20B-8074-43B7-A748-6B8FA4A5D320}.Debug|Any CPU.ActiveCfg = Debug|Any CPU
		{D9E4F20B-8074-43B7-A748-6B8FA4A5D320}.Debug|Any CPU.Build.0 = Debug|Any CPU
		{D9E4F20B-8074-43B7-A748-6B8FA4A5D320}.Release|Any CPU.ActiveCfg = Release|Any CPU
		{D9E4F20B-8074-43B7-A748-6B8FA4A5D320}.Release|Any CPU.Build.0 = Release|Any CPU
		{C1AB7C1D-E3B1-4CE7-8592-26764BCD8F11}.Debug|Any CPU.ActiveCfg = Debug|Any CPU
		{C1AB7C1D-E3B1-4CE7-8592-26764BCD8F11}.Debug|Any CPU.Build.0 = Debug|Any CPU
		{C1AB7C1D-E3B1-4CE7-8592-26764BCD8F11}.Release|Any CPU.ActiveCfg = Release|Any CPU
		{C1AB7C1D-E3B1-4CE7-8592-26764BCD8F11}.Release|Any CPU.Build.0 = Release|Any CPU
		{56EFB9CE-2B44-4CC8-8F50-6B3FC3FB541E}.Debug|Any CPU.ActiveCfg = Debug|Any CPU
		{56EFB9CE-2B44-4CC8-8F50-6B3FC3FB541E}.Debug|Any CPU.Build.0 = Debug|Any CPU
		{56EFB9CE-2B44-4CC8-8F50-6B3FC3FB541E}.Release|Any CPU.ActiveCfg = Release|Any CPU
		{56EFB9CE-2B44-4CC8-8F50-6B3FC3FB541E}.Release|Any CPU.Build.0 = Release|Any CPU
		{17B9FD34-DEC3-419E-B5E1-206A26F14271}.Debug|Any CPU.ActiveCfg = Debug|Any CPU
		{17B9FD34-DEC3-419E-B5E1-206A26F14271}.Debug|Any CPU.Build.0 = Debug|Any CPU
		{17B9FD34-DEC3-419E-B5E1-206A26F14271}.Release|Any CPU.ActiveCfg = Release|Any CPU
		{17B9FD34-DEC3-419E-B5E1-206A26F14271}.Release|Any CPU.Build.0 = Release|Any CPU
		{4DD806F6-E73D-43F6-97E3-78929F5F701E}.Debug|Any CPU.ActiveCfg = Debug|Any CPU
		{4DD806F6-E73D-43F6-97E3-78929F5F701E}.Debug|Any CPU.Build.0 = Debug|Any CPU
		{4DD806F6-E73D-43F6-97E3-78929F5F701E}.Release|Any CPU.ActiveCfg = Release|Any CPU
		{4DD806F6-E73D-43F6-97E3-78929F5F701E}.Release|Any CPU.Build.0 = Release|Any CPU
		{B92E2F9E-1438-4C0B-B2D9-F54DA0BA70F0}.Debug|Any CPU.ActiveCfg = Debug|Any CPU
		{B92E2F9E-1438-4C0B-B2D9-F54DA0BA70F0}.Debug|Any CPU.Build.0 = Debug|Any CPU
		{B92E2F9E-1438-4C0B-B2D9-F54DA0BA70F0}.Release|Any CPU.ActiveCfg = Release|Any CPU
		{B92E2F9E-1438-4C0B-B2D9-F54DA0BA70F0}.Release|Any CPU.Build.0 = Release|Any CPU
	EndGlobalSection
	GlobalSection(SolutionProperties) = preSolution
		HideSolutionNode = FALSE
	EndGlobalSection
	GlobalSection(NestedProjects) = preSolution
		{C1AB7C1D-E3B1-4CE7-8592-26764BCD8F11} = {5F52E435-E62B-49AD-9311-A028FBB7392A}
		{5304D7CC-F2CA-4F8C-8841-2E8227EB0747} = {9A40705E-61C9-4B7A-9A51-8EB318AD1CF3}
		{D9E4F20B-8074-43B7-A748-6B8FA4A5D320} = {9A40705E-61C9-4B7A-9A51-8EB318AD1CF3}
		{4DD806F6-E73D-43F6-97E3-78929F5F701E} = {9A40705E-61C9-4B7A-9A51-8EB318AD1CF3}
		{B7D74DC8-64EF-4925-9C34-B66CA62441A5} = {5D91E6CB-1CE2-4138-92B5-E42B48D1F9F6}
		{EC5A5900-6256-48E6-B402-E923F697DF71} = {5D91E6CB-1CE2-4138-92B5-E42B48D1F9F6}
		{6747709A-8001-4EC3-8460-CCEF564C9EF0} = {5D91E6CB-1CE2-4138-92B5-E42B48D1F9F6}
		{17B9FD34-DEC3-419E-B5E1-206A26F14271} = {5D91E6CB-1CE2-4138-92B5-E42B48D1F9F6}
		{56EFB9CE-2B44-4CC8-8F50-6B3FC3FB541E} = {9F03702C-FA04-49F3-92D5-1A5D1ABC5F5B}
		{404D7015-03E8-40CF-B76F-017BDA63816A} = {431F2ADF-176C-4717-A807-9656645F27B5}
		{B92E2F9E-1438-4C0B-B2D9-F54DA0BA70F0} = {431F2ADF-176C-4717-A807-9656645F27B5}
		{0610C6EB-760D-495D-9BF0-B13640F5CF84} = {431F2ADF-176C-4717-A807-9656645F27B5}
	EndGlobalSection
EndGlobal
